
Microsoft Visual Studio Solution File, Format Version 12.00
# Visual Studio Version 17
VisualStudioVersion = 17.2.32630.192
MinimumVisualStudioVersion = 10.0.40219.1
Project("{9A19103F-16F7-4668-BE54-9A1E7A4F7556}") = "F10Y.L0025", "F10Y.L0025\F10Y.L0025.csproj", "{6539BFD9-AEF1-4FA1-B410-AB25DAA422A1}"
EndProject
Project("{2150E333-8FDC-42A3-9474-1A3956D46DE8}") = "_Dependencies", "_Dependencies", "{F92DD67C-F6E4-4029-9CF2-9C7524699A46}"
EndProject
Project("{9A19103F-16F7-4668-BE54-9A1E7A4F7556}") = "F10Y.NG0004", "..\..\F10Y.NG0004\source\F10Y.NG0004\F10Y.NG0004.csproj", "{C6F53E23-4A0B-4475-A134-158A025FB8A1}"
EndProject
Project("{9A19103F-16F7-4668-BE54-9A1E7A4F7556}") = "F10Y.L0000", "..\..\F10Y.L0000\source\F10Y.L0000\F10Y.L0000.csproj", "{136C836C-9AD4-4B0B-AE42-8C62F34192FD}"
EndProject
Project("{9A19103F-16F7-4668-BE54-9A1E7A4F7556}") = "F10Y.L0060", "..\..\F10Y.L0060\source\F10Y.L0060\F10Y.L0060.csproj", "{688D5021-ACCE-47A5-B8A7-938264C5EB5B}"
EndProject
Project("{9A19103F-16F7-4668-BE54-9A1E7A4F7556}") = "F10Y.L0080", "..\..\F10Y.L0080\source\F10Y.L0080\F10Y.L0080.csproj", "{1C385AD5-9DF5-4DC9-9522-ADFE7CE674CF}"
EndProject
Project("{9A19103F-16F7-4668-BE54-9A1E7A4F7556}") = "F10Y.T0000", "..\..\F10Y.T0000\source\F10Y.T0000\F10Y.T0000.csproj", "{EB72CE9E-08BC-4DB8-8623-EC31059F1C1A}"
EndProject
Project("{9A19103F-16F7-4668-BE54-9A1E7A4F7556}") = "F10Y.T0001", "..\..\F10Y.T0001\source\F10Y.T0001\F10Y.T0001.csproj", "{A0D0B245-FB8C-4858-B6EA-A49727F6364E}"
EndProject
Project("{9A19103F-16F7-4668-BE54-9A1E7A4F7556}") = "F10Y.T0002", "..\..\F10Y.T0002\source\F10Y.T0002\F10Y.T0002.csproj", "{D905E7BB-A325-4550-8A89-CBE828313C2A}"
EndProject
Project("{9A19103F-16F7-4668-BE54-9A1E7A4F7556}") = "F10Y.T0003", "..\..\F10Y.T0003\source\F10Y.T0003\F10Y.T0003.csproj", "{14288225-2AAF-4014-8742-300B840DCC8D}"
EndProject
Project("{9A19103F-16F7-4668-BE54-9A1E7A4F7556}") = "F10Y.T0004", "..\..\F10Y.T0004\source\F10Y.T0004\F10Y.T0004.csproj", "{377E21C1-83BA-462F-A8D1-F97AAEFCCAFE}"
EndProject
Project("{9A19103F-16F7-4668-BE54-9A1E7A4F7556}") = "F10Y.T0011", "..\..\F10Y.T0011\source\F10Y.T0011\F10Y.T0011.csproj", "{3C9564CF-BAAF-44F9-9CAA-378860356B4F}"
EndProject
Project("{9A19103F-16F7-4668-BE54-9A1E7A4F7556}") = "F10Y.Y0000", "..\..\F10Y.Y0000\source\F10Y.Y0000\F10Y.Y0000.csproj", "{256A7E79-4DA8-4524-A6FC-138F90E956ED}"
EndProject
Global
	GlobalSection(NestedProjects) = preSolution
		{C6F53E23-4A0B-4475-A134-158A025FB8A1} = {F92DD67C-F6E4-4029-9CF2-9C7524699A46}
		{136C836C-9AD4-4B0B-AE42-8C62F34192FD} = {F92DD67C-F6E4-4029-9CF2-9C7524699A46}
		{688D5021-ACCE-47A5-B8A7-938264C5EB5B} = {F92DD67C-F6E4-4029-9CF2-9C7524699A46}
		{1C385AD5-9DF5-4DC9-9522-ADFE7CE674CF} = {F92DD67C-F6E4-4029-9CF2-9C7524699A46}
		{EB72CE9E-08BC-4DB8-8623-EC31059F1C1A} = {F92DD67C-F6E4-4029-9CF2-9C7524699A46}
		{A0D0B245-FB8C-4858-B6EA-A49727F6364E} = {F92DD67C-F6E4-4029-9CF2-9C7524699A46}
		{D905E7BB-A325-4550-8A89-CBE828313C2A} = {F92DD67C-F6E4-4029-9CF2-9C7524699A46}
		{14288225-2AAF-4014-8742-300B840DCC8D} = {F92DD67C-F6E4-4029-9CF2-9C7524699A46}
		{377E21C1-83BA-462F-A8D1-F97AAEFCCAFE} = {F92DD67C-F6E4-4029-9CF2-9C7524699A46}
		{3C9564CF-BAAF-44F9-9CAA-378860356B4F} = {F92DD67C-F6E4-4029-9CF2-9C7524699A46}
		{256A7E79-4DA8-4524-A6FC-138F90E956ED} = {F92DD67C-F6E4-4029-9CF2-9C7524699A46}
	EndGlobalSection
	GlobalSection(SolutionConfigurationPlatforms) = preSolution
		Debug|Any CPU = Debug|Any CPU
		Release|Any CPU = Release|Any CPU
	EndGlobalSection
	GlobalSection(ProjectConfigurationPlatforms) = postSolution
		{6539BFD9-AEF1-4FA1-B410-AB25DAA422A1}.Debug|Any CPU.ActiveCfg = Debug|Any CPU
		{6539BFD9-AEF1-4FA1-B410-AB25DAA422A1}.Debug|Any CPU.Build.0 = Debug|Any CPU
		{6539BFD9-AEF1-4FA1-B410-AB25DAA422A1}.Release|Any CPU.ActiveCfg = Release|Any CPU
		{6539BFD9-AEF1-4FA1-B410-AB25DAA422A1}.Release|Any CPU.Build.0 = Release|Any CPU
		{C6F53E23-4A0B-4475-A134-158A025FB8A1}.Debug|Any CPU.ActiveCfg = Debug|Any CPU
		{C6F53E23-4A0B-4475-A134-158A025FB8A1}.Debug|Any CPU.Build.0 = Debug|Any CPU
		{C6F53E23-4A0B-4475-A134-158A025FB8A1}.Release|Any CPU.ActiveCfg = Release|Any CPU
		{C6F53E23-4A0B-4475-A134-158A025FB8A1}.Release|Any CPU.Build.0 = Release|Any CPU
		{136C836C-9AD4-4B0B-AE42-8C62F34192FD}.Debug|Any CPU.ActiveCfg = Debug|Any CPU
		{136C836C-9AD4-4B0B-AE42-8C62F34192FD}.Debug|Any CPU.Build.0 = Debug|Any CPU
		{136C836C-9AD4-4B0B-AE42-8C62F34192FD}.Release|Any CPU.ActiveCfg = Release|Any CPU
		{136C836C-9AD4-4B0B-AE42-8C62F34192FD}.Release|Any CPU.Build.0 = Release|Any CPU
		{688D5021-ACCE-47A5-B8A7-938264C5EB5B}.Debug|Any CPU.ActiveCfg = Debug|Any CPU
		{688D5021-ACCE-47A5-B8A7-938264C5EB5B}.Debug|Any CPU.Build.0 = Debug|Any CPU
		{688D5021-ACCE-47A5-B8A7-938264C5EB5B}.Release|Any CPU.ActiveCfg = Release|Any CPU
		{688D5021-ACCE-47A5-B8A7-938264C5EB5B}.Release|Any CPU.Build.0 = Release|Any CPU
		{1C385AD5-9DF5-4DC9-9522-ADFE7CE674CF}.Debug|Any CPU.ActiveCfg = Debug|Any CPU
		{1C385AD5-9DF5-4DC9-9522-ADFE7CE674CF}.Debug|Any CPU.Build.0 = Debug|Any CPU
		{1C385AD5-9DF5-4DC9-9522-ADFE7CE674CF}.Release|Any CPU.ActiveCfg = Release|Any CPU
		{1C385AD5-9DF5-4DC9-9522-ADFE7CE674CF}.Release|Any CPU.Build.0 = Release|Any CPU
		{EB72CE9E-08BC-4DB8-8623-EC31059F1C1A}.Debug|Any CPU.ActiveCfg = Debug|Any CPU
		{EB72CE9E-08BC-4DB8-8623-EC31059F1C1A}.Debug|Any CPU.Build.0 = Debug|Any CPU
		{EB72CE9E-08BC-4DB8-8623-EC31059F1C1A}.Release|Any CPU.ActiveCfg = Release|Any CPU
		{EB72CE9E-08BC-4DB8-8623-EC31059F1C1A}.Release|Any CPU.Build.0 = Release|Any CPU
		{A0D0B245-FB8C-4858-B6EA-A49727F6364E}.Debug|Any CPU.ActiveCfg = Debug|Any CPU
		{A0D0B245-FB8C-4858-B6EA-A49727F6364E}.Debug|Any CPU.Build.0 = Debug|Any CPU
		{A0D0B245-FB8C-4858-B6EA-A49727F6364E}.Release|Any CPU.ActiveCfg = Release|Any CPU
		{A0D0B245-FB8C-4858-B6EA-A49727F6364E}.Release|Any CPU.Build.0 = Release|Any CPU
		{D905E7BB-A325-4550-8A89-CBE828313C2A}.Debug|Any CPU.ActiveCfg = Debug|Any CPU
		{D905E7BB-A325-4550-8A89-CBE828313C2A}.Debug|Any CPU.Build.0 = Debug|Any CPU
		{D905E7BB-A325-4550-8A89-CBE828313C2A}.Release|Any CPU.ActiveCfg = Release|Any CPU
		{D905E7BB-A325-4550-8A89-CBE828313C2A}.Release|Any CPU.Build.0 = Release|Any CPU
		{14288225-2AAF-4014-8742-300B840DCC8D}.Debug|Any CPU.ActiveCfg = Debug|Any CPU
		{14288225-2AAF-4014-8742-300B840DCC8D}.Debug|Any CPU.Build.0 = Debug|Any CPU
		{14288225-2AAF-4014-8742-300B840DCC8D}.Release|Any CPU.ActiveCfg = Release|Any CPU
		{14288225-2AAF-4014-8742-300B840DCC8D}.Release|Any CPU.Build.0 = Release|Any CPU
		{377E21C1-83BA-462F-A8D1-F97AAEFCCAFE}.Debug|Any CPU.ActiveCfg = Debug|Any CPU
		{377E21C1-83BA-462F-A8D1-F97AAEFCCAFE}.Debug|Any CPU.Build.0 = Debug|Any CPU
		{377E21C1-83BA-462F-A8D1-F97AAEFCCAFE}.Release|Any CPU.ActiveCfg = Release|Any CPU
		{377E21C1-83BA-462F-A8D1-F97AAEFCCAFE}.Release|Any CPU.Build.0 = Release|Any CPU
		{3C9564CF-BAAF-44F9-9CAA-378860356B4F}.Debug|Any CPU.ActiveCfg = Debug|Any CPU
		{3C9564CF-BAAF-44F9-9CAA-378860356B4F}.Debug|Any CPU.Build.0 = Debug|Any CPU
		{3C9564CF-BAAF-44F9-9CAA-378860356B4F}.Release|Any CPU.ActiveCfg = Release|Any CPU
		{3C9564CF-BAAF-44F9-9CAA-378860356B4F}.Release|Any CPU.Build.0 = Release|Any CPU
		{256A7E79-4DA8-4524-A6FC-138F90E956ED}.Debug|Any CPU.ActiveCfg = Debug|Any CPU
		{256A7E79-4DA8-4524-A6FC-138F90E956ED}.Debug|Any CPU.Build.0 = Debug|Any CPU
		{256A7E79-4DA8-4524-A6FC-138F90E956ED}.Release|Any CPU.ActiveCfg = Release|Any CPU
		{256A7E79-4DA8-4524-A6FC-138F90E956ED}.Release|Any CPU.Build.0 = Release|Any CPU
	EndGlobalSection
	GlobalSection(SolutionProperties) = preSolution
		HideSolutionNode = FALSE
	EndGlobalSection
	GlobalSection(ExtensibilityGlobals) = postSolution
		SolutionGuid = {C65615FB-43D0-4F96-B915-B8A8B3CFD031}
	EndGlobalSection
EndGlobal
