
Microsoft Visual Studio Solution File, Format Version 12.00
# Visual Studio Version 17
VisualStudioVersion = 17.2.32630.192
MinimumVisualStudioVersion = 10.0.40219.1
Project("{9A19103F-16F7-4668-BE54-9A1E7A4F7556}") = "F10Y.L0025.Construction", "F10Y.L0025.Construction\F10Y.L0025.Construction.csproj", "{E5B01FDB-E0C9-4006-BF43-427A6E48F781}"
EndProject
Project("{9A19103F-16F7-4668-BE54-9A1E7A4F7556}") = "F10Y.L0025", "F10Y.L0025\F10Y.L0025.csproj", "{E74A056A-8AE2-4C63-A259-60279844758A}"
EndProject
Project("{2150E333-8FDC-42A3-9474-1A3956D46DE8}") = "_Dependencies", "_Dependencies", "{88AEB496-681C-44C5-8BB2-146B1F35A306}"
EndProject
Project("{9A19103F-16F7-4668-BE54-9A1E7A4F7556}") = "F10Y.NG0004", "..\..\F10Y.NG0004\source\F10Y.NG0004\F10Y.NG0004.csproj", "{6D2EB3D5-65B0-45EE-9A7B-19930A86BD1F}"
EndProject
Project("{9A19103F-16F7-4668-BE54-9A1E7A4F7556}") = "F10Y.L0000", "..\..\F10Y.L0000\source\F10Y.L0000\F10Y.L0000.csproj", "{A577AF54-0629-448D-B70E-FE509BB9A547}"
EndProject
Project("{9A19103F-16F7-4668-BE54-9A1E7A4F7556}") = "F10Y.L0060", "..\..\F10Y.L0060\source\F10Y.L0060\F10Y.L0060.csproj", "{73D08702-DC65-4136-86AB-96EFB3D8123F}"
EndProject
Project("{9A19103F-16F7-4668-BE54-9A1E7A4F7556}") = "F10Y.L0080", "..\..\F10Y.L0080\source\F10Y.L0080\F10Y.L0080.csproj", "{CB42A31B-72A7-45AA-9205-16CD49AE3CB5}"
EndProject
Project("{9A19103F-16F7-4668-BE54-9A1E7A4F7556}") = "F10Y.T0000", "..\..\F10Y.T0000\source\F10Y.T0000\F10Y.T0000.csproj", "{DBDC5321-08E0-4687-814E-A6B4B4DEDAD7}"
EndProject
Project("{9A19103F-16F7-4668-BE54-9A1E7A4F7556}") = "F10Y.T0001", "..\..\F10Y.T0001\source\F10Y.T0001\F10Y.T0001.csproj", "{D91C19BF-08ED-4F2D-852C-A4DBB1FBC399}"
EndProject
Project("{9A19103F-16F7-4668-BE54-9A1E7A4F7556}") = "F10Y.T0002", "..\..\F10Y.T0002\source\F10Y.T0002\F10Y.T0002.csproj", "{2C662ABE-2C1B-4820-8EA8-0C1E4FF1D54C}"
EndProject
Project("{9A19103F-16F7-4668-BE54-9A1E7A4F7556}") = "F10Y.T0003", "..\..\F10Y.T0003\source\F10Y.T0003\F10Y.T0003.csproj", "{F7FDA020-2268-488D-A451-EA11EB1DABD9}"
EndProject
Project("{9A19103F-16F7-4668-BE54-9A1E7A4F7556}") = "F10Y.T0004", "..\..\F10Y.T0004\source\F10Y.T0004\F10Y.T0004.csproj", "{35656E35-07CA-4999-A421-C3A40E55CB32}"
EndProject
Project("{9A19103F-16F7-4668-BE54-9A1E7A4F7556}") = "F10Y.T0011", "..\..\F10Y.T0011\source\F10Y.T0011\F10Y.T0011.csproj", "{5600C10C-83D0-4189-B6B8-0748D38533A2}"
EndProject
Project("{9A19103F-16F7-4668-BE54-9A1E7A4F7556}") = "F10Y.Y0000", "..\..\F10Y.Y0000\source\F10Y.Y0000\F10Y.Y0000.csproj", "{D7A674E5-8A63-4182-8064-C30C2608ECC6}"
EndProject
Project("{9A19103F-16F7-4668-BE54-9A1E7A4F7556}") = "F10Y.L0025.Q000", "F10Y.L0025.Q000\F10Y.L0025.Q000.csproj", "{1E11A5F4-7089-4A89-870D-146BF2F02A6C}"
EndProject
Project("{9A19103F-16F7-4668-BE54-9A1E7A4F7556}") = "F10Y.L0019", "..\..\F10Y.L0019\source\F10Y.L0019\F10Y.L0019.csproj", "{403C7844-C45C-454B-B890-79C0E47EC42B}"
EndProject
Project("{9A19103F-16F7-4668-BE54-9A1E7A4F7556}") = "F10Y.T0006", "..\..\F10Y.T0006\source\F10Y.T0006\F10Y.T0006.csproj", "{5389F8E2-17BE-4E72-973E-095A1731423D}"
EndProject
Project("{9A19103F-16F7-4668-BE54-9A1E7A4F7556}") = "F10Y.L0004.L000", "..\..\F10Y.L0004\source\F10Y.L0004.L000\F10Y.L0004.L000.csproj", "{FCCC89DF-CF0E-492F-A5D6-16B873010AD0}"
EndProject
Global
	GlobalSection(NestedProjects) = preSolution
		{6D2EB3D5-65B0-45EE-9A7B-19930A86BD1F} = {88AEB496-681C-44C5-8BB2-146B1F35A306}
		{A577AF54-0629-448D-B70E-FE509BB9A547} = {88AEB496-681C-44C5-8BB2-146B1F35A306}
		{73D08702-DC65-4136-86AB-96EFB3D8123F} = {88AEB496-681C-44C5-8BB2-146B1F35A306}
		{CB42A31B-72A7-45AA-9205-16CD49AE3CB5} = {88AEB496-681C-44C5-8BB2-146B1F35A306}
		{DBDC5321-08E0-4687-814E-A6B4B4DEDAD7} = {88AEB496-681C-44C5-8BB2-146B1F35A306}
		{D91C19BF-08ED-4F2D-852C-A4DBB1FBC399} = {88AEB496-681C-44C5-8BB2-146B1F35A306}
		{2C662ABE-2C1B-4820-8EA8-0C1E4FF1D54C} = {88AEB496-681C-44C5-8BB2-146B1F35A306}
		{F7FDA020-2268-488D-A451-EA11EB1DABD9} = {88AEB496-681C-44C5-8BB2-146B1F35A306}
		{35656E35-07CA-4999-A421-C3A40E55CB32} = {88AEB496-681C-44C5-8BB2-146B1F35A306}
		{5600C10C-83D0-4189-B6B8-0748D38533A2} = {88AEB496-681C-44C5-8BB2-146B1F35A306}
		{D7A674E5-8A63-4182-8064-C30C2608ECC6} = {88AEB496-681C-44C5-8BB2-146B1F35A306}
		{403C7844-C45C-454B-B890-79C0E47EC42B} = {88AEB496-681C-44C5-8BB2-146B1F35A306}
		{5389F8E2-17BE-4E72-973E-095A1731423D} = {88AEB496-681C-44C5-8BB2-146B1F35A306}
		{FCCC89DF-CF0E-492F-A5D6-16B873010AD0} = {88AEB496-681C-44C5-8BB2-146B1F35A306}
	EndGlobalSection
	GlobalSection(SolutionConfigurationPlatforms) = preSolution
		Debug|Any CPU = Debug|Any CPU
		Release|Any CPU = Release|Any CPU
	EndGlobalSection
	GlobalSection(ProjectConfigurationPlatforms) = postSolution
		{E5B01FDB-E0C9-4006-BF43-427A6E48F781}.Debug|Any CPU.ActiveCfg = Debug|Any CPU
		{E5B01FDB-E0C9-4006-BF43-427A6E48F781}.Debug|Any CPU.Build.0 = Debug|Any CPU
		{E5B01FDB-E0C9-4006-BF43-427A6E48F781}.Release|Any CPU.ActiveCfg = Release|Any CPU
		{E5B01FDB-E0C9-4006-BF43-427A6E48F781}.Release|Any CPU.Build.0 = Release|Any CPU
		{E74A056A-8AE2-4C63-A259-60279844758A}.Debug|Any CPU.ActiveCfg = Debug|Any CPU
		{E74A056A-8AE2-4C63-A259-60279844758A}.Debug|Any CPU.Build.0 = Debug|Any CPU
		{E74A056A-8AE2-4C63-A259-60279844758A}.Release|Any CPU.ActiveCfg = Release|Any CPU
		{E74A056A-8AE2-4C63-A259-60279844758A}.Release|Any CPU.Build.0 = Release|Any CPU
		{6D2EB3D5-65B0-45EE-9A7B-19930A86BD1F}.Debug|Any CPU.ActiveCfg = Debug|Any CPU
		{6D2EB3D5-65B0-45EE-9A7B-19930A86BD1F}.Debug|Any CPU.Build.0 = Debug|Any CPU
		{6D2EB3D5-65B0-45EE-9A7B-19930A86BD1F}.Release|Any CPU.ActiveCfg = Release|Any CPU
		{6D2EB3D5-65B0-45EE-9A7B-19930A86BD1F}.Release|Any CPU.Build.0 = Release|Any CPU
		{A577AF54-0629-448D-B70E-FE509BB9A547}.Debug|Any CPU.ActiveCfg = Debug|Any CPU
		{A577AF54-0629-448D-B70E-FE509BB9A547}.Debug|Any CPU.Build.0 = Debug|Any CPU
		{A577AF54-0629-448D-B70E-FE509BB9A547}.Release|Any CPU.ActiveCfg = Release|Any CPU
		{A577AF54-0629-448D-B70E-FE509BB9A547}.Release|Any CPU.Build.0 = Release|Any CPU
		{73D08702-DC65-4136-86AB-96EFB3D8123F}.Debug|Any CPU.ActiveCfg = Debug|Any CPU
		{73D08702-DC65-4136-86AB-96EFB3D8123F}.Debug|Any CPU.Build.0 = Debug|Any CPU
		{73D08702-DC65-4136-86AB-96EFB3D8123F}.Release|Any CPU.ActiveCfg = Release|Any CPU
		{73D08702-DC65-4136-86AB-96EFB3D8123F}.Release|Any CPU.Build.0 = Release|Any CPU
		{CB42A31B-72A7-45AA-9205-16CD49AE3CB5}.Debug|Any CPU.ActiveCfg = Debug|Any CPU
		{CB42A31B-72A7-45AA-9205-16CD49AE3CB5}.Debug|Any CPU.Build.0 = Debug|Any CPU
		{CB42A31B-72A7-45AA-9205-16CD49AE3CB5}.Release|Any CPU.ActiveCfg = Release|Any CPU
		{CB42A31B-72A7-45AA-9205-16CD49AE3CB5}.Release|Any CPU.Build.0 = Release|Any CPU
		{DBDC5321-08E0-4687-814E-A6B4B4DEDAD7}.Debug|Any CPU.ActiveCfg = Debug|Any CPU
		{DBDC5321-08E0-4687-814E-A6B4B4DEDAD7}.Debug|Any CPU.Build.0 = Debug|Any CPU
		{DBDC5321-08E0-4687-814E-A6B4B4DEDAD7}.Release|Any CPU.ActiveCfg = Release|Any CPU
		{DBDC5321-08E0-4687-814E-A6B4B4DEDAD7}.Release|Any CPU.Build.0 = Release|Any CPU
		{D91C19BF-08ED-4F2D-852C-A4DBB1FBC399}.Debug|Any CPU.ActiveCfg = Debug|Any CPU
		{D91C19BF-08ED-4F2D-852C-A4DBB1FBC399}.Debug|Any CPU.Build.0 = Debug|Any CPU
		{D91C19BF-08ED-4F2D-852C-A4DBB1FBC399}.Release|Any CPU.ActiveCfg = Release|Any CPU
		{D91C19BF-08ED-4F2D-852C-A4DBB1FBC399}.Release|Any CPU.Build.0 = Release|Any CPU
		{2C662ABE-2C1B-4820-8EA8-0C1E4FF1D54C}.Debug|Any CPU.ActiveCfg = Debug|Any CPU
		{2C662ABE-2C1B-4820-8EA8-0C1E4FF1D54C}.Debug|Any CPU.Build.0 = Debug|Any CPU
		{2C662ABE-2C1B-4820-8EA8-0C1E4FF1D54C}.Release|Any CPU.ActiveCfg = Release|Any CPU
		{2C662ABE-2C1B-4820-8EA8-0C1E4FF1D54C}.Release|Any CPU.Build.0 = Release|Any CPU
		{F7FDA020-2268-488D-A451-EA11EB1DABD9}.Debug|Any CPU.ActiveCfg = Debug|Any CPU
		{F7FDA020-2268-488D-A451-EA11EB1DABD9}.Debug|Any CPU.Build.0 = Debug|Any CPU
		{F7FDA020-2268-488D-A451-EA11EB1DABD9}.Release|Any CPU.ActiveCfg = Release|Any CPU
		{F7FDA020-2268-488D-A451-EA11EB1DABD9}.Release|Any CPU.Build.0 = Release|Any CPU
		{35656E35-07CA-4999-A421-C3A40E55CB32}.Debug|Any CPU.ActiveCfg = Debug|Any CPU
		{35656E35-07CA-4999-A421-C3A40E55CB32}.Debug|Any CPU.Build.0 = Debug|Any CPU
		{35656E35-07CA-4999-A421-C3A40E55CB32}.Release|Any CPU.ActiveCfg = Release|Any CPU
		{35656E35-07CA-4999-A421-C3A40E55CB32}.Release|Any CPU.Build.0 = Release|Any CPU
		{5600C10C-83D0-4189-B6B8-0748D38533A2}.Debug|Any CPU.ActiveCfg = Debug|Any CPU
		{5600C10C-83D0-4189-B6B8-0748D38533A2}.Debug|Any CPU.Build.0 = Debug|Any CPU
		{5600C10C-83D0-4189-B6B8-0748D38533A2}.Release|Any CPU.ActiveCfg = Release|Any CPU
		{5600C10C-83D0-4189-B6B8-0748D38533A2}.Release|Any CPU.Build.0 = Release|Any CPU
		{D7A674E5-8A63-4182-8064-C30C2608ECC6}.Debug|Any CPU.ActiveCfg = Debug|Any CPU
		{D7A674E5-8A63-4182-8064-C30C2608ECC6}.Debug|Any CPU.Build.0 = Debug|Any CPU
		{D7A674E5-8A63-4182-8064-C30C2608ECC6}.Release|Any CPU.ActiveCfg = Release|Any CPU
		{D7A674E5-8A63-4182-8064-C30C2608ECC6}.Release|Any CPU.Build.0 = Release|Any CPU
		{1E11A5F4-7089-4A89-870D-146BF2F02A6C}.Debug|Any CPU.ActiveCfg = Debug|Any CPU
		{1E11A5F4-7089-4A89-870D-146BF2F02A6C}.Debug|Any CPU.Build.0 = Debug|Any CPU
		{1E11A5F4-7089-4A89-870D-146BF2F02A6C}.Release|Any CPU.ActiveCfg = Release|Any CPU
		{1E11A5F4-7089-4A89-870D-146BF2F02A6C}.Release|Any CPU.Build.0 = Release|Any CPU
		{403C7844-C45C-454B-B890-79C0E47EC42B}.Debug|Any CPU.ActiveCfg = Debug|Any CPU
		{403C7844-C45C-454B-B890-79C0E47EC42B}.Debug|Any CPU.Build.0 = Debug|Any CPU
		{403C7844-C45C-454B-B890-79C0E47EC42B}.Release|Any CPU.ActiveCfg = Release|Any CPU
		{403C7844-C45C-454B-B890-79C0E47EC42B}.Release|Any CPU.Build.0 = Release|Any CPU
		{5389F8E2-17BE-4E72-973E-095A1731423D}.Debug|Any CPU.ActiveCfg = Debug|Any CPU
		{5389F8E2-17BE-4E72-973E-095A1731423D}.Debug|Any CPU.Build.0 = Debug|Any CPU
		{5389F8E2-17BE-4E72-973E-095A1731423D}.Release|Any CPU.ActiveCfg = Release|Any CPU
		{5389F8E2-17BE-4E72-973E-095A1731423D}.Release|Any CPU.Build.0 = Release|Any CPU
		{FCCC89DF-CF0E-492F-A5D6-16B873010AD0}.Debug|Any CPU.ActiveCfg = Debug|Any CPU
		{FCCC89DF-CF0E-492F-A5D6-16B873010AD0}.Debug|Any CPU.Build.0 = Debug|Any CPU
		{FCCC89DF-CF0E-492F-A5D6-16B873010AD0}.Release|Any CPU.ActiveCfg = Release|Any CPU
		{FCCC89DF-CF0E-492F-A5D6-16B873010AD0}.Release|Any CPU.Build.0 = Release|Any CPU
	EndGlobalSection
	GlobalSection(SolutionProperties) = preSolution
		HideSolutionNode = FALSE
	EndGlobalSection
	GlobalSection(ExtensibilityGlobals) = postSolution
		SolutionGuid = {104BBF71-A5AC-4C4A-9AD2-F0D410BC5503}
	EndGlobalSection
EndGlobal
